// !$*UTF8*$!
{
	archiveVersion = 1;
	classes = {
	};
	objectVersion = 46;
	objects = {

/* Begin PBXBuildFile section */
		6554296F1F56164F00D1E5FC /* AppDelegate.swift in Sources */ = {isa = PBXBuildFile; fileRef = 6554296E1F56164F00D1E5FC /* AppDelegate.swift */; };
		655429711F56164F00D1E5FC /* ViewController.swift in Sources */ = {isa = PBXBuildFile; fileRef = 655429701F56164F00D1E5FC /* ViewController.swift */; };
		655429741F56164F00D1E5FC /* Main.storyboard in Resources */ = {isa = PBXBuildFile; fileRef = 655429721F56164F00D1E5FC /* Main.storyboard */; };
		655429761F56164F00D1E5FC /* Assets.xcassets in Resources */ = {isa = PBXBuildFile; fileRef = 655429751F56164F00D1E5FC /* Assets.xcassets */; };
		655429791F56164F00D1E5FC /* LaunchScreen.storyboard in Resources */ = {isa = PBXBuildFile; fileRef = 655429771F56164F00D1E5FC /* LaunchScreen.storyboard */; };
/* End PBXBuildFile section */

/* Begin PBXFileReference section */
		6554296B1F56164F00D1E5FC /* ApiManagerTutorial.app */ = {isa = PBXFileReference; explicitFileType = wrapper.application; includeInIndex = 0; path = ApiManagerTutorial.app; sourceTree = BUILT_PRODUCTS_DIR; };
		6554296E1F56164F00D1E5FC /* AppDelegate.swift */ = {isa = PBXFileReference; lastKnownFileType = sourcecode.swift; path = AppDelegate.swift; sourceTree = "<group>"; };
		655429701F56164F00D1E5FC /* ViewController.swift */ = {isa = PBXFileReference; lastKnownFileType = sourcecode.swift; path = ViewController.swift; sourceTree = "<group>"; };
		655429731F56164F00D1E5FC /* Base */ = {isa = PBXFileReference; lastKnownFileType = file.storyboard; name = Base; path = Base.lproj/Main.storyboard; sourceTree = "<group>"; };
		655429751F56164F00D1E5FC /* Assets.xcassets */ = {isa = PBXFileReference; lastKnownFileType = folder.assetcatalog; path = Assets.xcassets; sourceTree = "<group>"; };
		655429781F56164F00D1E5FC /* Base */ = {isa = PBXFileReference; lastKnownFileType = file.storyboard; name = Base; path = Base.lproj/LaunchScreen.storyboard; sourceTree = "<group>"; };
		6554297A1F56164F00D1E5FC /* Info.plist */ = {isa = PBXFileReference; lastKnownFileType = text.plist.xml; path = Info.plist; sourceTree = "<group>"; };
/* End PBXFileReference section */

/* Begin PBXFrameworksBuildPhase section */
		655429681F56164F00D1E5FC /* Frameworks */ = {
			isa = PBXFrameworksBuildPhase;
			buildActionMask = 2147483647;
			files = (
			);
			runOnlyForDeploymentPostprocessing = 0;
		};
/* End PBXFrameworksBuildPhase section */

/* Begin PBXGroup section */
		655429621F56164F00D1E5FC = {
			isa = PBXGroup;
			children = (
				6554296D1F56164F00D1E5FC /* ApiManagerTutorial */,
				6554296C1F56164F00D1E5FC /* Products */,
			);
			sourceTree = "<group>";
		};
		6554296C1F56164F00D1E5FC /* Products */ = {
			isa = PBXGroup;
			children = (
				6554296B1F56164F00D1E5FC /* ApiManagerTutorial.app */,
			);
			name = Products;
			sourceTree = "<group>";
		};
		6554296D1F56164F00D1E5FC /* ApiManagerTutorial */ = {
			isa = PBXGroup;
			children = (
				6554296E1F56164F00D1E5FC /* AppDelegate.swift */,
				655429701F56164F00D1E5FC /* ViewController.swift */,
				655429721F56164F00D1E5FC /* Main.storyboard */,
				655429751F56164F00D1E5FC /* Assets.xcassets */,
				655429771F56164F00D1E5FC /* LaunchScreen.storyboard */,
				6554297A1F56164F00D1E5FC /* Info.plist */,
			);
			path = ApiManagerTutorial;
			sourceTree = "<group>";
		};
/* End PBXGroup section */

/* Begin PBXNativeTarget section */
		6554296A1F56164F00D1E5FC /* ApiManagerTutorial */ = {
			isa = PBXNativeTarget;
			buildConfigurationList = 6554297D1F56164F00D1E5FC /* Build configuration list for PBXNativeTarget "ApiManagerTutorial" */;
			buildPhases = (
				655429671F56164F00D1E5FC /* Sources */,
				655429681F56164F00D1E5FC /* Frameworks */,
				655429691F56164F00D1E5FC /* Resources */,
			);
			buildRules = (
			);
			dependencies = (
			);
			name = ApiManagerTutorial;
			productName = ApiManagerTutorial;
			productReference = 6554296B1F56164F00D1E5FC /* ApiManagerTutorial.app */;
			productType = "com.apple.product-type.application";
		};
/* End PBXNativeTarget section */

/* Begin PBXProject section */
		655429631F56164F00D1E5FC /* Project object */ = {
			isa = PBXProject;
			attributes = {
				LastSwiftUpdateCheck = 0830;
				LastUpgradeCheck = 0830;
				ORGANIZATIONNAME = "Ian Hirschfeld";
				TargetAttributes = {
					6554296A1F56164F00D1E5FC = {
						CreatedOnToolsVersion = 8.3.3;
						ProvisioningStyle = Automatic;
					};
				};
			};
			buildConfigurationList = 655429661F56164F00D1E5FC /* Build configuration list for PBXProject "ApiManagerTutorial" */;
			compatibilityVersion = "Xcode 3.2";
			developmentRegion = English;
			hasScannedForEncodings = 0;
			knownRegions = (
				en,
				Base,
			);
			mainGroup = 655429621F56164F00D1E5FC;
			productRefGroup = 6554296C1F56164F00D1E5FC /* Products */;
			projectDirPath = "";
			projectRoot = "";
			targets = (
				6554296A1F56164F00D1E5FC /* ApiManagerTutorial */,
			);
		};
/* End PBXProject section */

/* Begin PBXResourcesBuildPhase section */
		655429691F56164F00D1E5FC /* Resources */ = {
			isa = PBXResourcesBuildPhase;
			buildActionMask = 2147483647;
			files = (
				655429791F56164F00D1E5FC /* LaunchScreen.storyboard in Resources */,
				655429761F56164F00D1E5FC /* Assets.xcassets in Resources */,
				655429741F56164F00D1E5FC /* Main.storyboard in Resources */,
			);
			runOnlyForDeploymentPostprocessing = 0;
		};
/* End PBXResourcesBuildPhase section */

/* Begin PBXSourcesBuildPhase section */
		655429671F56164F00D1E5FC /* Sources */ = {
			isa = PBXSourcesBuildPhase;
			buildActionMask = 2147483647;
			files = (
				655429711F56164F00D1E5FC /* ViewController.swift in Sources */,
				6554296F1F56164F00D1E5FC /* AppDelegate.swift in Sources */,
			);
			runOnlyForDeploymentPostprocessing = 0;
		};
/* End PBXSourcesBuildPhase section */

/* Begin PBXVariantGroup section */
		655429721F56164F00D1E5FC /* Main.storyboard */ = {
			isa = PBXVariantGroup;
			children = (
				655429731F56164F00D1E5FC /* Base */,
			);
			name = Main.storyboard;
			sourceTree = "<group>";
		};
		655429771F56164F00D1E5FC /* LaunchScreen.storyboard */ = {
			isa = PBXVariantGroup;
			children = (
				655429781F56164F00D1E5FC /* Base */,
			);
			name = LaunchScreen.storyboard;
			sourceTree = "<group>";
		};
/* End PBXVariantGroup section */

/* Begin XCBuildConfiguration section */
		6554297B1F56164F00D1E5FC /* Debug */ = {
			isa = XCBuildConfiguration;
			buildSettings = {
				ALWAYS_SEARCH_USER_PATHS = NO;
				CLANG_ANALYZER_NONNULL = YES;
				CLANG_ANALYZER_NUMBER_OBJECT_CONVERSION = YES_AGGRESSIVE;
				CLANG_CXX_LANGUAGE_STANDARD = "gnu++0x";
				CLANG_CXX_LIBRARY = "libc++";
				CLANG_ENABLE_MODULES = YES;
				CLANG_ENABLE_OBJC_ARC = YES;
				CLANG_WARN_BOOL_CONVERSION = YES;
				CLANG_WARN_CONSTANT_CONVERSION = YES;
				CLANG_WARN_DIRECT_OBJC_ISA_USAGE = YES_ERROR;
				CLANG_WARN_DOCUMENTATION_COMMENTS = YES;
				CLANG_WARN_EMPTY_BODY = YES;
				CLANG_WARN_ENUM_CONVERSION = YES;
				CLANG_WARN_INFINITE_RECURSION = YES;
				CLANG_WARN_INT_CONVERSION = YES;
				CLANG_WARN_OBJC_ROOT_CLASS = YES_ERROR;
				CLANG_WARN_SUSPICIOUS_MOVE = YES;
				CLANG_WARN_UNREACHABLE_CODE = YES;
				CLANG_WARN__DUPLICATE_METHOD_MATCH = YES;
				"CODE_SIGN_IDENTITY[sdk=iphoneos*]" = "iPhone Developer";
				COPY_PHASE_STRIP = NO;
				DEBUG_INFORMATION_FORMAT = dwarf;
				ENABLE_STRICT_OBJC_MSGSEND = YES;
				ENABLE_TESTABILITY = YES;
				GCC_C_LANGUAGE_STANDARD = gnu99;
				GCC_DYNAMIC_NO_PIC = NO;
				GCC_NO_COMMON_BLOCKS = YES;
				GCC_OPTIMIZATION_LEVEL = 0;
				GCC_PREPROCESSOR_DEFINITIONS = (
					"DEBUG=1",
					"$(inherited)",
				);
				GCC_WARN_64_TO_32_BIT_CONVERSION = YES;
				GCC_WARN_ABOUT_RETURN_TYPE = YES_ERROR;
				GCC_WARN_UNDECLARED_SELECTOR = YES;
				GCC_WARN_UNINITIALIZED_AUTOS = YES_AGGRESSIVE;
				GCC_WARN_UNUSED_FUNCTION = YES;
				GCC_WARN_UNUSED_VARIABLE = YES;
				IPHONEOS_DEPLOYMENT_TARGET = 10.3;
				MTL_ENABLE_DEBUG_INFO = YES;
				ONLY_ACTIVE_ARCH = YES;
				SDKROOT = iphoneos;
				SWIFT_ACTIVE_COMPILATION_CONDITIONS = DEBUG;
				SWIFT_OPTIMIZATION_LEVEL = "-Onone";
			};
			name = Debug;
		};
		6554297C1F56164F00D1E5FC /* Release */ = {
			isa = XCBuildConfiguration;
			buildSettings = {
				ALWAYS_SEARCH_USER_PATHS = NO;
				CLANG_ANALYZER_NONNULL = YES;
				CLANG_ANALYZER_NUMBER_OBJECT_CONVERSION = YES_AGGRESSIVE;
				CLANG_CXX_LANGUAGE_STANDARD = "gnu++0x";
				CLANG_CXX_LIBRARY = "libc++";
				CLANG_ENABLE_MODULES = YES;
				CLANG_ENABLE_OBJC_ARC = YES;
				CLANG_WARN_BOOL_CONVERSION = YES;
				CLANG_WARN_CONSTANT_CONVERSION = YES;
				CLANG_WARN_DIRECT_OBJC_ISA_USAGE = YES_ERROR;
				CLANG_WARN_DOCUMENTATION_COMMENTS = YES;
				CLANG_WARN_EMPTY_BODY = YES;
				CLANG_WARN_ENUM_CONVERSION = YES;
				CLANG_WARN_INFINITE_RECURSION = YES;
				CLANG_WARN_INT_CONVERSION = YES;
				CLANG_WARN_OBJC_ROOT_CLASS = YES_ERROR;
				CLANG_WARN_SUSPICIOUS_MOVE = YES;
				CLANG_WARN_UNREACHABLE_CODE = YES;
				CLANG_WARN__DUPLICATE_METHOD_MATCH = YES;
				"CODE_SIGN_IDENTITY[sdk=iphoneos*]" = "iPhone Developer";
				COPY_PHASE_STRIP = NO;
				DEBUG_INFORMATION_FORMAT = "dwarf-with-dsym";
				ENABLE_NS_ASSERTIONS = NO;
				ENABLE_STRICT_OBJC_MSGSEND = YES;
				GCC_C_LANGUAGE_STANDARD = gnu99;
				GCC_NO_COMMON_BLOCKS = YES;
				GCC_WARN_64_TO_32_BIT_CONVERSION = YES;
				GCC_WARN_ABOUT_RETURN_TYPE = YES_ERROR;
				GCC_WARN_UNDECLARED_SELECTOR = YES;
				GCC_WARN_UNINITIALIZED_AUTOS = YES_AGGRESSIVE;
				GCC_WARN_UNUSED_FUNCTION = YES;
				GCC_WARN_UNUSED_VARIABLE = YES;
				IPHONEOS_DEPLOYMENT_TARGET = 10.3;
				MTL_ENABLE_DEBUG_INFO = NO;
				SDKROOT = iphoneos;
				SWIFT_OPTIMIZATION_LEVEL = "-Owholemodule";
				VALIDATE_PRODUCT = YES;
			};
			name = Release;
		};
		6554297E1F56164F00D1E5FC /* Debug */ = {
			isa = XCBuildConfiguration;
			buildSettings = {
				ASSETCATALOG_COMPILER_APPICON_NAME = AppIcon;
				INFOPLIST_FILE = ApiManagerTutorial/Info.plist;
				LD_RUNPATH_SEARCH_PATHS = "$(inherited) @executable_path/Frameworks";
				PRODUCT_BUNDLE_IDENTIFIER = com.ianhirschfeld.tutorials.ApiManagerTutorial.ApiManagerTutorial;
				PRODUCT_NAME = "$(TARGET_NAME)";
				SWIFT_VERSION = 3.0;
			};
			name = Debug;
		};
		6554297F1F56164F00D1E5FC /* Release */ = {
			isa = XCBuildConfiguration;
			buildSettings = {
				ASSETCATALOG_COMPILER_APPICON_NAME = AppIcon;
				INFOPLIST_FILE = ApiManagerTutorial/Info.plist;
				LD_RUNPATH_SEARCH_PATHS = "$(inherited) @executable_path/Frameworks";
				PRODUCT_BUNDLE_IDENTIFIER = com.ianhirschfeld.tutorials.ApiManagerTutorial.ApiManagerTutorial;
				PRODUCT_NAME = "$(TARGET_NAME)";
				SWIFT_VERSION = 3.0;
			};
			name = Release;
		};
/* End XCBuildConfiguration section */

/* Begin XCConfigurationList section */
		655429661F56164F00D1E5FC /* Build configuration list for PBXProject "ApiManagerTutorial" */ = {
			isa = XCConfigurationList;
			buildConfigurations = (
				6554297B1F56164F00D1E5FC /* Debug */,
				6554297C1F56164F00D1E5FC /* Release */,
			);
			defaultConfigurationIsVisible = 0;
			defaultConfigurationName = Release;
		};
		6554297D1F56164F00D1E5FC /* Build configuration list for PBXNativeTarget "ApiManagerTutorial" */ = {
			isa = XCConfigurationList;
			buildConfigurations = (
				6554297E1F56164F00D1E5FC /* Debug */,
				6554297F1F56164F00D1E5FC /* Release */,
			);
			defaultConfigurationIsVisible = 0;
		};
/* End XCConfigurationList section */
	};
	rootObject = 655429631F56164F00D1E5FC /* Project object */;
}
